
Microsoft Visual Studio Solution File, Format Version 12.00
# Visual Studio 15
VisualStudioVersion = 15.0.28307.539
MinimumVisualStudioVersion = 10.0.40219.1
Project("{FAE04EC0-301F-11D3-BF4B-00C04F79EFBC}") = "SQL-DEV_TORRENTS", "SQL-DEV_TORRENTS\SQL-DEV_TORRENTS.csproj", "{C3EC8822-D1AB-4F18-859A-B1CD54E2F216}"
EndProject
Global
	GlobalSection(SolutionConfigurationPlatforms) = preSolution
		Debug|Any CPU = Debug|Any CPU
		Release|Any CPU = Release|Any CPU
	EndGlobalSection
	GlobalSection(ProjectConfigurationPlatforms) = postSolution
		{C3EC8822-D1AB-4F18-859A-B1CD54E2F216}.Debug|Any CPU.ActiveCfg = Debug|Any CPU
		{C3EC8822-D1AB-4F18-859A-B1CD54E2F216}.Debug|Any CPU.Build.0 = Debug|Any CPU
		{C3EC8822-D1AB-4F18-859A-B1CD54E2F216}.Release|Any CPU.ActiveCfg = Release|Any CPU
		{C3EC8822-D1AB-4F18-859A-B1CD54E2F216}.Release|Any CPU.Build.0 = Release|Any CPU
	EndGlobalSection
	GlobalSection(SolutionProperties) = preSolution
		HideSolutionNode = FALSE
	EndGlobalSection
	GlobalSection(ExtensibilityGlobals) = postSolution
		SolutionGuid = {0F975BE6-CD42-48A2-ACED-27CC1031FD06}
	EndGlobalSection
EndGlobal
